
Microsoft Visual Studio Solution File, Format Version 12.00
# Visual Studio Version 17
VisualStudioVersion = 17.3.32811.315
MinimumVisualStudioVersion = 10.0.40219.1
Project("{FAE04EC0-301F-11D3-BF4B-00C04F79EFBC}") = "RestTok", "RestTok\RestTok.csproj", "{DA5D113F-0F41-49D0-8270-FE7FCB6A5E0A}"
EndProject
Global
	GlobalSection(SolutionConfigurationPlatforms) = preSolution
		Debug|Any CPU = Debug|Any CPU
		Release|Any CPU = Release|Any CPU
	EndGlobalSection
	GlobalSection(ProjectConfigurationPlatforms) = postSolution
		{DA5D113F-0F41-49D0-8270-FE7FCB6A5E0A}.Debug|Any CPU.ActiveCfg = Debug|Any CPU
		{DA5D113F-0F41-49D0-8270-FE7FCB6A5E0A}.Debug|Any CPU.Build.0 = Debug|Any CPU
		{DA5D113F-0F41-49D0-8270-FE7FCB6A5E0A}.Release|Any CPU.ActiveCfg = Release|Any CPU
		{DA5D113F-0F41-49D0-8270-FE7FCB6A5E0A}.Release|Any CPU.Build.0 = Release|Any CPU
	EndGlobalSection
	GlobalSection(SolutionProperties) = preSolution
		HideSolutionNode = FALSE
	EndGlobalSection
	GlobalSection(ExtensibilityGlobals) = postSolution
		SolutionGuid = {F5AD9854-44A6-4C75-A97E-70775BE04C88}
	EndGlobalSection
EndGlobal
